
Microsoft Visual Studio Solution File, Format Version 12.00
# Visual Studio Version 17
VisualStudioVersion = 17.5.33516.290
MinimumVisualStudioVersion = 10.0.40219.1
Project("{2150E333-8FDC-42A3-9474-1A3956D46DE8}") = "src", "src", "{6A5588C0-C4EF-4A72-90D2-A2F6F1BFE1EE}"
EndProject
Project("{2150E333-8FDC-42A3-9474-1A3956D46DE8}") = "tests", "tests", "{8AE8179D-B294-45F2-A4D6-45006BA8F792}"
EndProject
Project("{2150E333-8FDC-42A3-9474-1A3956D46DE8}") = "API", "API", "{F85FD54D-CCA5-40C7-8BA3-5AFADC69FFA2}"
EndProject
Project("{2150E333-8FDC-42A3-9474-1A3956D46DE8}") = "Core", "Core", "{F4C02C60-447A-4955-81DA-7443AD761CEC}"
EndProject
Project("{2150E333-8FDC-42A3-9474-1A3956D46DE8}") = "Infrastructure", "Infrastructure", "{73D246B7-922A-47EF-B8AC-7CE277C5BD00}"
EndProject
Project("{2150E333-8FDC-42A3-9474-1A3956D46DE8}") = "UI", "UI", "{3B99A2C2-C160-4F17-A60B-372D20608C63}"
EndProject
Project("{FAE04EC0-301F-11D3-BF4B-00C04F79EFBC}") = "Ticketize.Domain", "Ticketize.Domain\Ticketize.Domain.csproj", "{390797FE-D684-44FD-971D-CF152FE7B5DE}"
EndProject
Project("{FAE04EC0-301F-11D3-BF4B-00C04F79EFBC}") = "Ticketize.Application", "Ticketize.Application\Ticketize.Application.csproj", "{E852F2C6-CDAF-469D-892E-536E38824976}"
EndProject
Global
	GlobalSection(SolutionConfigurationPlatforms) = preSolution
		Debug|Any CPU = Debug|Any CPU
		Release|Any CPU = Release|Any CPU
	EndGlobalSection
	GlobalSection(ProjectConfigurationPlatforms) = postSolution
		{390797FE-D684-44FD-971D-CF152FE7B5DE}.Debug|Any CPU.ActiveCfg = Debug|Any CPU
		{390797FE-D684-44FD-971D-CF152FE7B5DE}.Debug|Any CPU.Build.0 = Debug|Any CPU
		{390797FE-D684-44FD-971D-CF152FE7B5DE}.Release|Any CPU.ActiveCfg = Release|Any CPU
		{390797FE-D684-44FD-971D-CF152FE7B5DE}.Release|Any CPU.Build.0 = Release|Any CPU
		{E852F2C6-CDAF-469D-892E-536E38824976}.Debug|Any CPU.ActiveCfg = Debug|Any CPU
		{E852F2C6-CDAF-469D-892E-536E38824976}.Debug|Any CPU.Build.0 = Debug|Any CPU
		{E852F2C6-CDAF-469D-892E-536E38824976}.Release|Any CPU.ActiveCfg = Release|Any CPU
		{E852F2C6-CDAF-469D-892E-536E38824976}.Release|Any CPU.Build.0 = Release|Any CPU
	EndGlobalSection
	GlobalSection(SolutionProperties) = preSolution
		HideSolutionNode = FALSE
	EndGlobalSection
	GlobalSection(NestedProjects) = preSolution
		{F85FD54D-CCA5-40C7-8BA3-5AFADC69FFA2} = {6A5588C0-C4EF-4A72-90D2-A2F6F1BFE1EE}
		{F4C02C60-447A-4955-81DA-7443AD761CEC} = {6A5588C0-C4EF-4A72-90D2-A2F6F1BFE1EE}
		{73D246B7-922A-47EF-B8AC-7CE277C5BD00} = {6A5588C0-C4EF-4A72-90D2-A2F6F1BFE1EE}
		{3B99A2C2-C160-4F17-A60B-372D20608C63} = {6A5588C0-C4EF-4A72-90D2-A2F6F1BFE1EE}
		{390797FE-D684-44FD-971D-CF152FE7B5DE} = {F4C02C60-447A-4955-81DA-7443AD761CEC}
		{E852F2C6-CDAF-469D-892E-536E38824976} = {F4C02C60-447A-4955-81DA-7443AD761CEC}
	EndGlobalSection
	GlobalSection(ExtensibilityGlobals) = postSolution
		SolutionGuid = {D61D652C-877F-4F67-A4D4-2CF585991712}
	EndGlobalSection
EndGlobal
